// !$*UTF8*$!
{
	archiveVersion = 1;
	classes = {
	};
	objectVersion = 50;
	objects = {

/* Begin PBXBuildFile section */
		06892F41243633EB0031348A /* AppDelegate.swift in Sources */ = {isa = PBXBuildFile; fileRef = 06892F40243633EB0031348A /* AppDelegate.swift */; };
		06892F43243633EB0031348A /* SceneDelegate.swift in Sources */ = {isa = PBXBuildFile; fileRef = 06892F42243633EB0031348A /* SceneDelegate.swift */; };
		06892F45243633EB0031348A /* ContentView.swift in Sources */ = {isa = PBXBuildFile; fileRef = 06892F44243633EB0031348A /* ContentView.swift */; };
		06892F47243633ED0031348A /* Assets.xcassets in Resources */ = {isa = PBXBuildFile; fileRef = 06892F46243633ED0031348A /* Assets.xcassets */; };
		06892F4A243633ED0031348A /* Preview Assets.xcassets in Resources */ = {isa = PBXBuildFile; fileRef = 06892F49243633ED0031348A /* Preview Assets.xcassets */; };
		06892F4D243633ED0031348A /* LaunchScreen.storyboard in Resources */ = {isa = PBXBuildFile; fileRef = 06892F4B243633ED0031348A /* LaunchScreen.storyboard */; };
		06892F5524363A460031348A /* Pacifico-Regular.ttf in Resources */ = {isa = PBXBuildFile; fileRef = 06892F5424363A450031348A /* Pacifico-Regular.ttf */; };
		06892F58243642BF0031348A /* InfoView.swift in Sources */ = {isa = PBXBuildFile; fileRef = 06892F57243642BF0031348A /* InfoView.swift */; };
		06892F5A243645A50031348A /* Constants.swift in Sources */ = {isa = PBXBuildFile; fileRef = 06892F59243645A50031348A /* Constants.swift */; };
/* End PBXBuildFile section */

/* Begin PBXFileReference section */
		06892F3D243633EB0031348A /* TarjetaJavier.app */ = {isa = PBXFileReference; explicitFileType = wrapper.application; includeInIndex = 0; path = TarjetaJavier.app; sourceTree = BUILT_PRODUCTS_DIR; };
		06892F40243633EB0031348A /* AppDelegate.swift */ = {isa = PBXFileReference; lastKnownFileType = sourcecode.swift; path = AppDelegate.swift; sourceTree = "<group>"; };
		06892F42243633EB0031348A /* SceneDelegate.swift */ = {isa = PBXFileReference; lastKnownFileType = sourcecode.swift; path = SceneDelegate.swift; sourceTree = "<group>"; };
		06892F44243633EB0031348A /* ContentView.swift */ = {isa = PBXFileReference; lastKnownFileType = sourcecode.swift; path = ContentView.swift; sourceTree = "<group>"; };
		06892F46243633ED0031348A /* Assets.xcassets */ = {isa = PBXFileReference; lastKnownFileType = folder.assetcatalog; path = Assets.xcassets; sourceTree = "<group>"; };
		06892F49243633ED0031348A /* Preview Assets.xcassets */ = {isa = PBXFileReference; lastKnownFileType = folder.assetcatalog; path = "Preview Assets.xcassets"; sourceTree = "<group>"; };
		06892F4C243633ED0031348A /* Base */ = {isa = PBXFileReference; lastKnownFileType = file.storyboard; name = Base; path = Base.lproj/LaunchScreen.storyboard; sourceTree = "<group>"; };
		06892F4E243633ED0031348A /* Info.plist */ = {isa = PBXFileReference; lastKnownFileType = text.plist.xml; path = Info.plist; sourceTree = "<group>"; };
		06892F5424363A450031348A /* Pacifico-Regular.ttf */ = {isa = PBXFileReference; lastKnownFileType = file; path = "Pacifico-Regular.ttf"; sourceTree = "<group>"; };
		06892F57243642BF0031348A /* InfoView.swift */ = {isa = PBXFileReference; lastKnownFileType = sourcecode.swift; path = InfoView.swift; sourceTree = "<group>"; };
		06892F59243645A50031348A /* Constants.swift */ = {isa = PBXFileReference; lastKnownFileType = sourcecode.swift; path = Constants.swift; sourceTree = "<group>"; };
/* End PBXFileReference section */

/* Begin PBXFrameworksBuildPhase section */
		06892F3A243633EB0031348A /* Frameworks */ = {
			isa = PBXFrameworksBuildPhase;
			buildActionMask = 2147483647;
			files = (
			);
			runOnlyForDeploymentPostprocessing = 0;
		};
/* End PBXFrameworksBuildPhase section */

/* Begin PBXGroup section */
		06892F34243633EB0031348A = {
			isa = PBXGroup;
			children = (
				06892F3F243633EB0031348A /* TarjetaJavier */,
				06892F3E243633EB0031348A /* Products */,
			);
			sourceTree = "<group>";
		};
		06892F3E243633EB0031348A /* Products */ = {
			isa = PBXGroup;
			children = (
				06892F3D243633EB0031348A /* TarjetaJavier.app */,
			);
			name = Products;
			sourceTree = "<group>";
		};
		06892F3F243633EB0031348A /* TarjetaJavier */ = {
			isa = PBXGroup;
			children = (
				06892F40243633EB0031348A /* AppDelegate.swift */,
				06892F42243633EB0031348A /* SceneDelegate.swift */,
				06892F59243645A50031348A /* Constants.swift */,
				06892F44243633EB0031348A /* ContentView.swift */,
				06892F57243642BF0031348A /* InfoView.swift */,
				06892F46243633ED0031348A /* Assets.xcassets */,
				06892F4B243633ED0031348A /* LaunchScreen.storyboard */,
				06892F4E243633ED0031348A /* Info.plist */,
				06892F5624363A500031348A /* fonts */,
				06892F48243633ED0031348A /* Preview Content */,
			);
			path = TarjetaJavier;
			sourceTree = "<group>";
		};
		06892F48243633ED0031348A /* Preview Content */ = {
			isa = PBXGroup;
			children = (
				06892F49243633ED0031348A /* Preview Assets.xcassets */,
			);
			path = "Preview Content";
			sourceTree = "<group>";
		};
		06892F5624363A500031348A /* fonts */ = {
			isa = PBXGroup;
			children = (
				06892F5424363A450031348A /* Pacifico-Regular.ttf */,
			);
			path = fonts;
			sourceTree = "<group>";
		};
/* End PBXGroup section */

/* Begin PBXNativeTarget section */
		06892F3C243633EB0031348A /* TarjetaJavier */ = {
			isa = PBXNativeTarget;
			buildConfigurationList = 06892F51243633ED0031348A /* Build configuration list for PBXNativeTarget "TarjetaJavier" */;
			buildPhases = (
				06892F39243633EB0031348A /* Sources */,
				06892F3A243633EB0031348A /* Frameworks */,
				06892F3B243633EB0031348A /* Resources */,
			);
			buildRules = (
			);
			dependencies = (
			);
			name = TarjetaJavier;
			productName = TarjetaJavier;
			productReference = 06892F3D243633EB0031348A /* TarjetaJavier.app */;
			productType = "com.apple.product-type.application";
		};
/* End PBXNativeTarget section */

/* Begin PBXProject section */
		06892F35243633EB0031348A /* Project object */ = {
			isa = PBXProject;
			attributes = {
				LastSwiftUpdateCheck = 1130;
				LastUpgradeCheck = 1130;
				ORGANIZATIONNAME = "Javier Giner Alvarez";
				TargetAttributes = {
					06892F3C243633EB0031348A = {
						CreatedOnToolsVersion = 11.3.1;
					};
				};
			};
			buildConfigurationList = 06892F38243633EB0031348A /* Build configuration list for PBXProject "TarjetaJavier" */;
			compatibilityVersion = "Xcode 9.3";
			developmentRegion = en;
			hasScannedForEncodings = 0;
			knownRegions = (
				en,
				Base,
			);
			mainGroup = 06892F34243633EB0031348A;
			productRefGroup = 06892F3E243633EB0031348A /* Products */;
			projectDirPath = "";
			projectRoot = "";
			targets = (
				06892F3C243633EB0031348A /* TarjetaJavier */,
			);
		};
/* End PBXProject section */

/* Begin PBXResourcesBuildPhase section */
		06892F3B243633EB0031348A /* Resources */ = {
			isa = PBXResourcesBuildPhase;
			buildActionMask = 2147483647;
			files = (
				06892F4D243633ED0031348A /* LaunchScreen.storyboard in Resources */,
				06892F5524363A460031348A /* Pacifico-Regular.ttf in Resources */,
				06892F4A243633ED0031348A /* Preview Assets.xcassets in Resources */,
				06892F47243633ED0031348A /* Assets.xcassets in Resources */,
			);
			runOnlyForDeploymentPostprocessing = 0;
		};
/* End PBXResourcesBuildPhase section */

/* Begin PBXSourcesBuildPhase section */
		06892F39243633EB0031348A /* Sources */ = {
			isa = PBXSourcesBuildPhase;
			buildActionMask = 2147483647;
			files = (
				06892F5A243645A50031348A /* Constants.swift in Sources */,
				06892F58243642BF0031348A /* InfoView.swift in Sources */,
				06892F41243633EB0031348A /* AppDelegate.swift in Sources */,
				06892F43243633EB0031348A /* SceneDelegate.swift in Sources */,
				06892F45243633EB0031348A /* ContentView.swift in Sources */,
			);
			runOnlyForDeploymentPostprocessing = 0;
		};
/* End PBXSourcesBuildPhase section */

/* Begin PBXVariantGroup section */
		06892F4B243633ED0031348A /* LaunchScreen.storyboard */ = {
			isa = PBXVariantGroup;
			children = (
				06892F4C243633ED0031348A /* Base */,
			);
			name = LaunchScreen.storyboard;
			sourceTree = "<group>";
		};
/* End PBXVariantGroup section */

/* Begin XCBuildConfiguration section */
		06892F4F243633ED0031348A /* Debug */ = {
			isa = XCBuildConfiguration;
			buildSettings = {
				ALWAYS_SEARCH_USER_PATHS = NO;
				CLANG_ANALYZER_NONNULL = YES;
				CLANG_ANALYZER_NUMBER_OBJECT_CONVERSION = YES_AGGRESSIVE;
				CLANG_CXX_LANGUAGE_STANDARD = "gnu++14";
				CLANG_CXX_LIBRARY = "libc++";
				CLANG_ENABLE_MODULES = YES;
				CLANG_ENABLE_OBJC_ARC = YES;
				CLANG_ENABLE_OBJC_WEAK = YES;
				CLANG_WARN_BLOCK_CAPTURE_AUTORELEASING = YES;
				CLANG_WARN_BOOL_CONVERSION = YES;
				CLANG_WARN_COMMA = YES;
				CLANG_WARN_CONSTANT_CONVERSION = YES;
				CLANG_WARN_DEPRECATED_OBJC_IMPLEMENTATIONS = YES;
				CLANG_WARN_DIRECT_OBJC_ISA_USAGE = YES_ERROR;
				CLANG_WARN_DOCUMENTATION_COMMENTS = YES;
				CLANG_WARN_EMPTY_BODY = YES;
				CLANG_WARN_ENUM_CONVERSION = YES;
				CLANG_WARN_INFINITE_RECURSION = YES;
				CLANG_WARN_INT_CONVERSION = YES;
				CLANG_WARN_NON_LITERAL_NULL_CONVERSION = YES;
				CLANG_WARN_OBJC_IMPLICIT_RETAIN_SELF = YES;
				CLANG_WARN_OBJC_LITERAL_CONVERSION = YES;
				CLANG_WARN_OBJC_ROOT_CLASS = YES_ERROR;
				CLANG_WARN_RANGE_LOOP_ANALYSIS = YES;
				CLANG_WARN_STRICT_PROTOTYPES = YES;
				CLANG_WARN_SUSPICIOUS_MOVE = YES;
				CLANG_WARN_UNGUARDED_AVAILABILITY = YES_AGGRESSIVE;
				CLANG_WARN_UNREACHABLE_CODE = YES;
				CLANG_WARN__DUPLICATE_METHOD_MATCH = YES;
				COPY_PHASE_STRIP = NO;
				DEBUG_INFORMATION_FORMAT = dwarf;
				ENABLE_STRICT_OBJC_MSGSEND = YES;
				ENABLE_TESTABILITY = YES;
				GCC_C_LANGUAGE_STANDARD = gnu11;
				GCC_DYNAMIC_NO_PIC = NO;
				GCC_NO_COMMON_BLOCKS = YES;
				GCC_OPTIMIZATION_LEVEL = 0;
				GCC_PREPROCESSOR_DEFINITIONS = (
					"DEBUG=1",
					"$(inherited)",
				);
				GCC_WARN_64_TO_32_BIT_CONVERSION = YES;
				GCC_WARN_ABOUT_RETURN_TYPE = YES_ERROR;
				GCC_WARN_UNDECLARED_SELECTOR = YES;
				GCC_WARN_UNINITIALIZED_AUTOS = YES_AGGRESSIVE;
				GCC_WARN_UNUSED_FUNCTION = YES;
				GCC_WARN_UNUSED_VARIABLE = YES;
				IPHONEOS_DEPLOYMENT_TARGET = 13.2;
				MTL_ENABLE_DEBUG_INFO = INCLUDE_SOURCE;
				MTL_FAST_MATH = YES;
				ONLY_ACTIVE_ARCH = YES;
				SDKROOT = iphoneos;
				SWIFT_ACTIVE_COMPILATION_CONDITIONS = DEBUG;
				SWIFT_OPTIMIZATION_LEVEL = "-Onone";
			};
			name = Debug;
		};
		06892F50243633ED0031348A /* Release */ = {
			isa = XCBuildConfiguration;
			buildSettings = {
				ALWAYS_SEARCH_USER_PATHS = NO;
				CLANG_ANALYZER_NONNULL = YES;
				CLANG_ANALYZER_NUMBER_OBJECT_CONVERSION = YES_AGGRESSIVE;
				CLANG_CXX_LANGUAGE_STANDARD = "gnu++14";
				CLANG_CXX_LIBRARY = "libc++";
				CLANG_ENABLE_MODULES = YES;
				CLANG_ENABLE_OBJC_ARC = YES;
				CLANG_ENABLE_OBJC_WEAK = YES;
				CLANG_WARN_BLOCK_CAPTURE_AUTORELEASING = YES;
				CLANG_WARN_BOOL_CONVERSION = YES;
				CLANG_WARN_COMMA = YES;
				CLANG_WARN_CONSTANT_CONVERSION = YES;
				CLANG_WARN_DEPRECATED_OBJC_IMPLEMENTATIONS = YES;
				CLANG_WARN_DIRECT_OBJC_ISA_USAGE = YES_ERROR;
				CLANG_WARN_DOCUMENTATION_COMMENTS = YES;
				CLANG_WARN_EMPTY_BODY = YES;
				CLANG_WARN_ENUM_CONVERSION = YES;
				CLANG_WARN_INFINITE_RECURSION = YES;
				CLANG_WARN_INT_CONVERSION = YES;
				CLANG_WARN_NON_LITERAL_NULL_CONVERSION = YES;
				CLANG_WARN_OBJC_IMPLICIT_RETAIN_SELF = YES;
				CLANG_WARN_OBJC_LITERAL_CONVERSION = YES;
				CLANG_WARN_OBJC_ROOT_CLASS = YES_ERROR;
				CLANG_WARN_RANGE_LOOP_ANALYSIS = YES;
				CLANG_WARN_STRICT_PROTOTYPES = YES;
				CLANG_WARN_SUSPICIOUS_MOVE = YES;
				CLANG_WARN_UNGUARDED_AVAILABILITY = YES_AGGRESSIVE;
				CLANG_WARN_UNREACHABLE_CODE = YES;
				CLANG_WARN__DUPLICATE_METHOD_MATCH = YES;
				COPY_PHASE_STRIP = NO;
				DEBUG_INFORMATION_FORMAT = "dwarf-with-dsym";
				ENABLE_NS_ASSERTIONS = NO;
				ENABLE_STRICT_OBJC_MSGSEND = YES;
				GCC_C_LANGUAGE_STANDARD = gnu11;
				GCC_NO_COMMON_BLOCKS = YES;
				GCC_WARN_64_TO_32_BIT_CONVERSION = YES;
				GCC_WARN_ABOUT_RETURN_TYPE = YES_ERROR;
				GCC_WARN_UNDECLARED_SELECTOR = YES;
				GCC_WARN_UNINITIALIZED_AUTOS = YES_AGGRESSIVE;
				GCC_WARN_UNUSED_FUNCTION = YES;
				GCC_WARN_UNUSED_VARIABLE = YES;
				IPHONEOS_DEPLOYMENT_TARGET = 13.2;
				MTL_ENABLE_DEBUG_INFO = NO;
				MTL_FAST_MATH = YES;
				SDKROOT = iphoneos;
				SWIFT_COMPILATION_MODE = wholemodule;
				SWIFT_OPTIMIZATION_LEVEL = "-O";
				VALIDATE_PRODUCT = YES;
			};
			name = Release;
		};
		06892F52243633ED0031348A /* Debug */ = {
			isa = XCBuildConfiguration;
			buildSettings = {
				ASSETCATALOG_COMPILER_APPICON_NAME = AppIcon;
				CODE_SIGN_STYLE = Automatic;
				DEVELOPMENT_ASSET_PATHS = "\"TarjetaJavier/Preview Content\"";
				DEVELOPMENT_TEAM = 764P6D8P9A;
				ENABLE_PREVIEWS = YES;
				INFOPLIST_FILE = TarjetaJavier/Info.plist;
				LD_RUNPATH_SEARCH_PATHS = (
					"$(inherited)",
					"@executable_path/Frameworks",
				);
				PRODUCT_BUNDLE_IDENTIFIER = com.jginera.TarjetaJavier;
				PRODUCT_NAME = "$(TARGET_NAME)";
				SWIFT_VERSION = 5.0;
				TARGETED_DEVICE_FAMILY = "1,2";
			};
			name = Debug;
		};
		06892F53243633ED0031348A /* Release */ = {
			isa = XCBuildConfiguration;
			buildSettings = {
				ASSETCATALOG_COMPILER_APPICON_NAME = AppIcon;
				CODE_SIGN_STYLE = Automatic;
				DEVELOPMENT_ASSET_PATHS = "\"TarjetaJavier/Preview Content\"";
				DEVELOPMENT_TEAM = 764P6D8P9A;
				ENABLE_PREVIEWS = YES;
				INFOPLIST_FILE = TarjetaJavier/Info.plist;
				LD_RUNPATH_SEARCH_PATHS = (
					"$(inherited)",
					"@executable_path/Frameworks",
				);
				PRODUCT_BUNDLE_IDENTIFIER = com.jginera.TarjetaJavier;
				PRODUCT_NAME = "$(TARGET_NAME)";
				SWIFT_VERSION = 5.0;
				TARGETED_DEVICE_FAMILY = "1,2";
			};
			name = Release;
		};
/* End XCBuildConfiguration section */

/* Begin XCConfigurationList section */
		06892F38243633EB0031348A /* Build configuration list for PBXProject "TarjetaJavier" */ = {
			isa = XCConfigurationList;
			buildConfigurations = (
				06892F4F243633ED0031348A /* Debug */,
				06892F50243633ED0031348A /* Release */,
			);
			defaultConfigurationIsVisible = 0;
			defaultConfigurationName = Release;
		};
		06892F51243633ED0031348A /* Build configuration list for PBXNativeTarget "TarjetaJavier" */ = {
			isa = XCConfigurationList;
			buildConfigurations = (
				06892F52243633ED0031348A /* Debug */,
				06892F53243633ED0031348A /* Release */,
			);
			defaultConfigurationIsVisible = 0;
			defaultConfigurationName = Release;
		};
/* End XCConfigurationList section */
	};
	rootObject = 06892F35243633EB0031348A /* Project object */;
}
